{
  "originHash" : "d55d0bd4a5fd70f941baba299d1a83055dc281401a731022997a65278327f104",
  "pins" : [
    {
      "identity" : "ultralitesdk-releases-ios",
      "kind" : "remoteSourceControl",
      "location" : "https://github.com/Vuzix/UltraliteSDK-releases-iOS",
      "state" : {
        "branch" : "main",
        "revision" : "6dfabe3e9b3e73b41df419fa359bbc79038ba8d0"
      }
    }
  ],
  "version" : 3
}
